
Microsoft Visual Studio Solution File, Format Version 12.00
# Visual Studio Version 16
VisualStudioVersion = 16.0.33214.272
MinimumVisualStudioVersion = 10.0.40219.1
Project("{FAE04EC0-301F-11D3-BF4B-00C04F79EFBC}") = "This is my message to you", "Happy Valentine's Day\This is my message to you.csproj", "{20AB84B1-CF4A-4660-857E-E2CDB757C446}"
EndProject
Global
	GlobalSection(SolutionConfigurationPlatforms) = preSolution
		Debug|Any CPU = Debug|Any CPU
		Release|Any CPU = Release|Any CPU
	EndGlobalSection
	GlobalSection(ProjectConfigurationPlatforms) = postSolution
		{20AB84B1-CF4A-4660-857E-E2CDB757C446}.Debug|Any CPU.ActiveCfg = Debug|Any CPU
		{20AB84B1-CF4A-4660-857E-E2CDB757C446}.Debug|Any CPU.Build.0 = Debug|Any CPU
		{20AB84B1-CF4A-4660-857E-E2CDB757C446}.Release|Any CPU.ActiveCfg = Release|Any CPU
		{20AB84B1-CF4A-4660-857E-E2CDB757C446}.Release|Any CPU.Build.0 = Release|Any CPU
	EndGlobalSection
	GlobalSection(SolutionProperties) = preSolution
		HideSolutionNode = FALSE
	EndGlobalSection
	GlobalSection(ExtensibilityGlobals) = postSolution
		SolutionGuid = {C7BFBF53-0F55-44C9-9C2E-69F07AC7557F}
	EndGlobalSection
EndGlobal
